// !$*UTF8*$!
{
	archiveVersion = 1;
	classes = {
	};
	objectVersion = 46;
	objects = {

/* Begin PBXBuildFile section */
		4B4E52461D9C7DF100593932 /* pokemon.csv in Resources */ = {isa = PBXBuildFile; fileRef = 4B4E52451D9C7DF100593932 /* pokemon.csv */; };
		4B4E524A1D9C7EE700593932 /* pokemon.swift in Sources */ = {isa = PBXBuildFile; fileRef = 4B4E52491D9C7EE700593932 /* pokemon.swift */; };
		4B4E524D1D9C85EF00593932 /* pokeCell.swift in Sources */ = {isa = PBXBuildFile; fileRef = 4B4E524C1D9C85EF00593932 /* pokeCell.swift */; };
		4B4E524F1D9C8F3400593932 /* csv.swift in Sources */ = {isa = PBXBuildFile; fileRef = 4B4E524E1D9C8F3400593932 /* csv.swift */; };
		4B4E52511D9C96C800593932 /* Pokemon.ttf in Resources */ = {isa = PBXBuildFile; fileRef = 4B4E52501D9C96C800593932 /* Pokemon.ttf */; };
		4B4E52551D9C982C00593932 /* pokemonTheme.mp3 in Resources */ = {isa = PBXBuildFile; fileRef = 4B4E52541D9C982C00593932 /* pokemonTheme.mp3 */; };
		4B4E52571D9CA44D00593932 /* pokemonDetailVC.swift in Sources */ = {isa = PBXBuildFile; fileRef = 4B4E52561D9CA44D00593932 /* pokemonDetailVC.swift */; };
		4B4F473A1D9B7C0000407EE0 /* AppDelegate.swift in Sources */ = {isa = PBXBuildFile; fileRef = 4B4F47391D9B7C0000407EE0 /* AppDelegate.swift */; };
		4B4F473C1D9B7C0000407EE0 /* ViewController.swift in Sources */ = {isa = PBXBuildFile; fileRef = 4B4F473B1D9B7C0000407EE0 /* ViewController.swift */; };
		4B4F473F1D9B7C0000407EE0 /* Main.storyboard in Resources */ = {isa = PBXBuildFile; fileRef = 4B4F473D1D9B7C0000407EE0 /* Main.storyboard */; };
		4B4F47411D9B7C0000407EE0 /* Assets.xcassets in Resources */ = {isa = PBXBuildFile; fileRef = 4B4F47401D9B7C0000407EE0 /* Assets.xcassets */; };
		4B4F47441D9B7C0000407EE0 /* LaunchScreen.storyboard in Resources */ = {isa = PBXBuildFile; fileRef = 4B4F47421D9B7C0000407EE0 /* LaunchScreen.storyboard */; };
		4B4F474F1D9B7C0000407EE0 /* PokedexTests.swift in Sources */ = {isa = PBXBuildFile; fileRef = 4B4F474E1D9B7C0000407EE0 /* PokedexTests.swift */; };
		4B4F475A1D9B7C0000407EE0 /* PokedexUITests.swift in Sources */ = {isa = PBXBuildFile; fileRef = 4B4F47591D9B7C0000407EE0 /* PokedexUITests.swift */; };
		4B8C76E31D9CD1A4002CCF05 /* constants.swift in Sources */ = {isa = PBXBuildFile; fileRef = 4B8C76E21D9CD1A4002CCF05 /* constants.swift */; };
		7F8E904B0C0BE1A5BE205044 /* Pods_PokedexTests.framework in Frameworks */ = {isa = PBXBuildFile; fileRef = 0E859EC5AA1C2B82A58EF96D /* Pods_PokedexTests.framework */; };
		8AAFF90CD9C46D8397DD9A27 /* Pods_PokedexUITests.framework in Frameworks */ = {isa = PBXBuildFile; fileRef = 2125A4D1F6132D332D4BF902 /* Pods_PokedexUITests.framework */; };
		FF394069C2DA938DCC8FA1AB /* Pods_Pokedex.framework in Frameworks */ = {isa = PBXBuildFile; fileRef = 5CBD1E8083BC9854DB1C28DC /* Pods_Pokedex.framework */; };
/* End PBXBuildFile section */

/* Begin PBXContainerItemProxy section */
		4B4F474B1D9B7C0000407EE0 /* PBXContainerItemProxy */ = {
			isa = PBXContainerItemProxy;
			containerPortal = 4B4F472E1D9B7C0000407EE0 /* Project object */;
			proxyType = 1;
			remoteGlobalIDString = 4B4F47351D9B7C0000407EE0;
			remoteInfo = Pokedex;
		};
		4B4F47561D9B7C0000407EE0 /* PBXContainerItemProxy */ = {
			isa = PBXContainerItemProxy;
			containerPortal = 4B4F472E1D9B7C0000407EE0 /* Project object */;
			proxyType = 1;
			remoteGlobalIDString = 4B4F47351D9B7C0000407EE0;
			remoteInfo = Pokedex;
		};
/* End PBXContainerItemProxy section */

/* Begin PBXFileReference section */
		0E859EC5AA1C2B82A58EF96D /* Pods_PokedexTests.framework */ = {isa = PBXFileReference; explicitFileType = wrapper.framework; includeInIndex = 0; path = Pods_PokedexTests.framework; sourceTree = BUILT_PRODUCTS_DIR; };
		2125A4D1F6132D332D4BF902 /* Pods_PokedexUITests.framework */ = {isa = PBXFileReference; explicitFileType = wrapper.framework; includeInIndex = 0; path = Pods_PokedexUITests.framework; sourceTree = BUILT_PRODUCTS_DIR; };
		3B4E890C549ED7C38C1C7EEA /* Pods-PokedexTests.debug.xcconfig */ = {isa = PBXFileReference; includeInIndex = 1; lastKnownFileType = text.xcconfig; name = "Pods-PokedexTests.debug.xcconfig"; path = "Pods/Target Support Files/Pods-PokedexTests/Pods-PokedexTests.debug.xcconfig"; sourceTree = "<group>"; };
		4B4E52451D9C7DF100593932 /* pokemon.csv */ = {isa = PBXFileReference; fileEncoding = 4; lastKnownFileType = text; path = pokemon.csv; sourceTree = "<group>"; };
		4B4E52491D9C7EE700593932 /* pokemon.swift */ = {isa = PBXFileReference; fileEncoding = 4; lastKnownFileType = sourcecode.swift; path = pokemon.swift; sourceTree = "<group>"; };
		4B4E524C1D9C85EF00593932 /* pokeCell.swift */ = {isa = PBXFileReference; fileEncoding = 4; lastKnownFileType = sourcecode.swift; path = pokeCell.swift; sourceTree = "<group>"; };
		4B4E524E1D9C8F3400593932 /* csv.swift */ = {isa = PBXFileReference; fileEncoding = 4; lastKnownFileType = sourcecode.swift; path = csv.swift; sourceTree = "<group>"; };
		4B4E52501D9C96C800593932 /* Pokemon.ttf */ = {isa = PBXFileReference; lastKnownFileType = file; path = Pokemon.ttf; sourceTree = "<group>"; };
		4B4E52541D9C982C00593932 /* pokemonTheme.mp3 */ = {isa = PBXFileReference; lastKnownFileType = audio.mp3; path = pokemonTheme.mp3; sourceTree = "<group>"; };
		4B4E52561D9CA44D00593932 /* pokemonDetailVC.swift */ = {isa = PBXFileReference; fileEncoding = 4; lastKnownFileType = sourcecode.swift; path = pokemonDetailVC.swift; sourceTree = "<group>"; };
		4B4F47361D9B7C0000407EE0 /* Pokedex.app */ = {isa = PBXFileReference; explicitFileType = wrapper.application; includeInIndex = 0; path = Pokedex.app; sourceTree = BUILT_PRODUCTS_DIR; };
		4B4F47391D9B7C0000407EE0 /* AppDelegate.swift */ = {isa = PBXFileReference; lastKnownFileType = sourcecode.swift; path = AppDelegate.swift; sourceTree = "<group>"; };
		4B4F473B1D9B7C0000407EE0 /* ViewController.swift */ = {isa = PBXFileReference; lastKnownFileType = sourcecode.swift; path = ViewController.swift; sourceTree = "<group>"; };
		4B4F473E1D9B7C0000407EE0 /* Base */ = {isa = PBXFileReference; lastKnownFileType = file.storyboard; name = Base; path = Base.lproj/Main.storyboard; sourceTree = "<group>"; };
		4B4F47401D9B7C0000407EE0 /* Assets.xcassets */ = {isa = PBXFileReference; lastKnownFileType = folder.assetcatalog; path = Assets.xcassets; sourceTree = "<group>"; };
		4B4F47431D9B7C0000407EE0 /* Base */ = {isa = PBXFileReference; lastKnownFileType = file.storyboard; name = Base; path = Base.lproj/LaunchScreen.storyboard; sourceTree = "<group>"; };
		4B4F47451D9B7C0000407EE0 /* Info.plist */ = {isa = PBXFileReference; lastKnownFileType = text.plist.xml; path = Info.plist; sourceTree = "<group>"; };
		4B4F474A1D9B7C0000407EE0 /* PokedexTests.xctest */ = {isa = PBXFileReference; explicitFileType = wrapper.cfbundle; includeInIndex = 0; path = PokedexTests.xctest; sourceTree = BUILT_PRODUCTS_DIR; };
		4B4F474E1D9B7C0000407EE0 /* PokedexTests.swift */ = {isa = PBXFileReference; lastKnownFileType = sourcecode.swift; path = PokedexTests.swift; sourceTree = "<group>"; };
		4B4F47501D9B7C0000407EE0 /* Info.plist */ = {isa = PBXFileReference; lastKnownFileType = text.plist.xml; path = Info.plist; sourceTree = "<group>"; };
		4B4F47551D9B7C0000407EE0 /* PokedexUITests.xctest */ = {isa = PBXFileReference; explicitFileType = wrapper.cfbundle; includeInIndex = 0; path = PokedexUITests.xctest; sourceTree = BUILT_PRODUCTS_DIR; };
		4B4F47591D9B7C0000407EE0 /* PokedexUITests.swift */ = {isa = PBXFileReference; lastKnownFileType = sourcecode.swift; path = PokedexUITests.swift; sourceTree = "<group>"; };
		4B4F475B1D9B7C0000407EE0 /* Info.plist */ = {isa = PBXFileReference; lastKnownFileType = text.plist.xml; path = Info.plist; sourceTree = "<group>"; };
		4B8C76E21D9CD1A4002CCF05 /* constants.swift */ = {isa = PBXFileReference; fileEncoding = 4; lastKnownFileType = sourcecode.swift; path = constants.swift; sourceTree = "<group>"; };
		4E9DC742F4A221D5E81258C7 /* Pods-PokedexUITests.debug.xcconfig */ = {isa = PBXFileReference; includeInIndex = 1; lastKnownFileType = text.xcconfig; name = "Pods-PokedexUITests.debug.xcconfig"; path = "Pods/Target Support Files/Pods-PokedexUITests/Pods-PokedexUITests.debug.xcconfig"; sourceTree = "<group>"; };
		5CBD1E8083BC9854DB1C28DC /* Pods_Pokedex.framework */ = {isa = PBXFileReference; explicitFileType = wrapper.framework; includeInIndex = 0; path = Pods_Pokedex.framework; sourceTree = BUILT_PRODUCTS_DIR; };
		AA010A9AB2F2800450652D84 /* Pods-Pokedex.release.xcconfig */ = {isa = PBXFileReference; includeInIndex = 1; lastKnownFileType = text.xcconfig; name = "Pods-Pokedex.release.xcconfig"; path = "Pods/Target Support Files/Pods-Pokedex/Pods-Pokedex.release.xcconfig"; sourceTree = "<group>"; };
		DCEFD34378FDABA09A644E7E /* Pods-PokedexUITests.release.xcconfig */ = {isa = PBXFileReference; includeInIndex = 1; lastKnownFileType = text.xcconfig; name = "Pods-PokedexUITests.release.xcconfig"; path = "Pods/Target Support Files/Pods-PokedexUITests/Pods-PokedexUITests.release.xcconfig"; sourceTree = "<group>"; };
		F2FD1CEECE61B35FA1B5CBC3 /* Pods-Pokedex.debug.xcconfig */ = {isa = PBXFileReference; includeInIndex = 1; lastKnownFileType = text.xcconfig; name = "Pods-Pokedex.debug.xcconfig"; path = "Pods/Target Support Files/Pods-Pokedex/Pods-Pokedex.debug.xcconfig"; sourceTree = "<group>"; };
		FDEE2D69A03C81E36BD86E2B /* Pods-PokedexTests.release.xcconfig */ = {isa = PBXFileReference; includeInIndex = 1; lastKnownFileType = text.xcconfig; name = "Pods-PokedexTests.release.xcconfig"; path = "Pods/Target Support Files/Pods-PokedexTests/Pods-PokedexTests.release.xcconfig"; sourceTree = "<group>"; };
/* End PBXFileReference section */

/* Begin PBXFrameworksBuildPhase section */
		4B4F47331D9B7C0000407EE0 /* Frameworks */ = {
			isa = PBXFrameworksBuildPhase;
			buildActionMask = 2147483647;
			files = (
				FF394069C2DA938DCC8FA1AB /* Pods_Pokedex.framework in Frameworks */,
			);
			runOnlyForDeploymentPostprocessing = 0;
		};
		4B4F47471D9B7C0000407EE0 /* Frameworks */ = {
			isa = PBXFrameworksBuildPhase;
			buildActionMask = 2147483647;
			files = (
				7F8E904B0C0BE1A5BE205044 /* Pods_PokedexTests.framework in Frameworks */,
			);
			runOnlyForDeploymentPostprocessing = 0;
		};
		4B4F47521D9B7C0000407EE0 /* Frameworks */ = {
			isa = PBXFrameworksBuildPhase;
			buildActionMask = 2147483647;
			files = (
				8AAFF90CD9C46D8397DD9A27 /* Pods_PokedexUITests.framework in Frameworks */,
			);
			runOnlyForDeploymentPostprocessing = 0;
		};
/* End PBXFrameworksBuildPhase section */

/* Begin PBXGroup section */
		4B4E52471D9C7DFB00593932 /* Resources */ = {
			isa = PBXGroup;
			children = (
				4B4E52541D9C982C00593932 /* pokemonTheme.mp3 */,
				4B4E52501D9C96C800593932 /* Pokemon.ttf */,
				4B4E52451D9C7DF100593932 /* pokemon.csv */,
			);
			name = Resources;
			sourceTree = "<group>";
		};
		4B4E52481D9C7ECD00593932 /* Model */ = {
			isa = PBXGroup;
			children = (
				4B4E52491D9C7EE700593932 /* pokemon.swift */,
			);
			name = Model;
			sourceTree = "<group>";
		};
		4B4E524B1D9C85D500593932 /* View */ = {
			isa = PBXGroup;
			children = (
				4B4E524C1D9C85EF00593932 /* pokeCell.swift */,
			);
			name = View;
			sourceTree = "<group>";
		};
		4B4E52521D9C96DE00593932 /* Controller */ = {
			isa = PBXGroup;
			children = (
				4B4F473B1D9B7C0000407EE0 /* ViewController.swift */,
				4B4E52561D9CA44D00593932 /* pokemonDetailVC.swift */,
			);
			name = Controller;
			sourceTree = "<group>";
		};
		4B4E52531D9C96FB00593932 /* Util */ = {
			isa = PBXGroup;
			children = (
				4B4E524E1D9C8F3400593932 /* csv.swift */,
				4B8C76E21D9CD1A4002CCF05 /* constants.swift */,
			);
			name = Util;
			sourceTree = "<group>";
		};
		4B4F472D1D9B7C0000407EE0 = {
			isa = PBXGroup;
			children = (
				4B4F47381D9B7C0000407EE0 /* Pokedex */,
				4B4F474D1D9B7C0000407EE0 /* PokedexTests */,
				4B4F47581D9B7C0000407EE0 /* PokedexUITests */,
				4B4F47371D9B7C0000407EE0 /* Products */,
				ACDAB2C9B476B0F73798E3D0 /* Pods */,
				BA5F3BBEBAF97F5A84208185 /* Frameworks */,
			);
			sourceTree = "<group>";
		};
		4B4F47371D9B7C0000407EE0 /* Products */ = {
			isa = PBXGroup;
			children = (
				4B4F47361D9B7C0000407EE0 /* Pokedex.app */,
				4B4F474A1D9B7C0000407EE0 /* PokedexTests.xctest */,
				4B4F47551D9B7C0000407EE0 /* PokedexUITests.xctest */,
			);
			name = Products;
			sourceTree = "<group>";
		};
		4B4F47381D9B7C0000407EE0 /* Pokedex */ = {
			isa = PBXGroup;
			children = (
				4B4E52481D9C7ECD00593932 /* Model */,
				4B4E524B1D9C85D500593932 /* View */,
				4B4E52521D9C96DE00593932 /* Controller */,
				4B4E52471D9C7DFB00593932 /* Resources */,
				4B4E52531D9C96FB00593932 /* Util */,
				4B4F473D1D9B7C0000407EE0 /* Main.storyboard */,
				4B4F47391D9B7C0000407EE0 /* AppDelegate.swift */,
				4B4F47401D9B7C0000407EE0 /* Assets.xcassets */,
				4B4F47421D9B7C0000407EE0 /* LaunchScreen.storyboard */,
				4B4F47451D9B7C0000407EE0 /* Info.plist */,
			);
			path = Pokedex;
			sourceTree = "<group>";
		};
		4B4F474D1D9B7C0000407EE0 /* PokedexTests */ = {
			isa = PBXGroup;
			children = (
				4B4F474E1D9B7C0000407EE0 /* PokedexTests.swift */,
				4B4F47501D9B7C0000407EE0 /* Info.plist */,
			);
			path = PokedexTests;
			sourceTree = "<group>";
		};
		4B4F47581D9B7C0000407EE0 /* PokedexUITests */ = {
			isa = PBXGroup;
			children = (
				4B4F47591D9B7C0000407EE0 /* PokedexUITests.swift */,
				4B4F475B1D9B7C0000407EE0 /* Info.plist */,
			);
			path = PokedexUITests;
			sourceTree = "<group>";
		};
		ACDAB2C9B476B0F73798E3D0 /* Pods */ = {
			isa = PBXGroup;
			children = (
				F2FD1CEECE61B35FA1B5CBC3 /* Pods-Pokedex.debug.xcconfig */,
				AA010A9AB2F2800450652D84 /* Pods-Pokedex.release.xcconfig */,
				3B4E890C549ED7C38C1C7EEA /* Pods-PokedexTests.debug.xcconfig */,
				FDEE2D69A03C81E36BD86E2B /* Pods-PokedexTests.release.xcconfig */,
				4E9DC742F4A221D5E81258C7 /* Pods-PokedexUITests.debug.xcconfig */,
				DCEFD34378FDABA09A644E7E /* Pods-PokedexUITests.release.xcconfig */,
			);
			name = Pods;
			sourceTree = "<group>";
		};
		BA5F3BBEBAF97F5A84208185 /* Frameworks */ = {
			isa = PBXGroup;
			children = (
				5CBD1E8083BC9854DB1C28DC /* Pods_Pokedex.framework */,
				0E859EC5AA1C2B82A58EF96D /* Pods_PokedexTests.framework */,
				2125A4D1F6132D332D4BF902 /* Pods_PokedexUITests.framework */,
			);
			name = Frameworks;
			sourceTree = "<group>";
		};
/* End PBXGroup section */

/* Begin PBXNativeTarget section */
		4B4F47351D9B7C0000407EE0 /* Pokedex */ = {
			isa = PBXNativeTarget;
			buildConfigurationList = 4B4F475E1D9B7C0000407EE0 /* Build configuration list for PBXNativeTarget "Pokedex" */;
			buildPhases = (
				B1500EEB78066363342D0485 /* [CP] Check Pods Manifest.lock */,
				4B4F47321D9B7C0000407EE0 /* Sources */,
				4B4F47331D9B7C0000407EE0 /* Frameworks */,
				4B4F47341D9B7C0000407EE0 /* Resources */,
				FEE0979276FFBA794C94E539 /* [CP] Embed Pods Frameworks */,
				8B8BBAC3A8265DDAAAAE1F4B /* [CP] Copy Pods Resources */,
			);
			buildRules = (
			);
			dependencies = (
			);
			name = Pokedex;
			productName = Pokedex;
			productReference = 4B4F47361D9B7C0000407EE0 /* Pokedex.app */;
			productType = "com.apple.product-type.application";
		};
		4B4F47491D9B7C0000407EE0 /* PokedexTests */ = {
			isa = PBXNativeTarget;
			buildConfigurationList = 4B4F47611D9B7C0000407EE0 /* Build configuration list for PBXNativeTarget "PokedexTests" */;
			buildPhases = (
				EB6A02ECA14E0B2446594575 /* [CP] Check Pods Manifest.lock */,
				4B4F47461D9B7C0000407EE0 /* Sources */,
				4B4F47471D9B7C0000407EE0 /* Frameworks */,
				4B4F47481D9B7C0000407EE0 /* Resources */,
				CE0A18330EE57ED05D0CB2B3 /* [CP] Embed Pods Frameworks */,
				FFDB969946B1E55C7B87621A /* [CP] Copy Pods Resources */,
			);
			buildRules = (
			);
			dependencies = (
				4B4F474C1D9B7C0000407EE0 /* PBXTargetDependency */,
			);
			name = PokedexTests;
			productName = PokedexTests;
			productReference = 4B4F474A1D9B7C0000407EE0 /* PokedexTests.xctest */;
			productType = "com.apple.product-type.bundle.unit-test";
		};
		4B4F47541D9B7C0000407EE0 /* PokedexUITests */ = {
			isa = PBXNativeTarget;
			buildConfigurationList = 4B4F47641D9B7C0000407EE0 /* Build configuration list for PBXNativeTarget "PokedexUITests" */;
			buildPhases = (
				9DDBBF088B18AA2E8D809A89 /* [CP] Check Pods Manifest.lock */,
				4B4F47511D9B7C0000407EE0 /* Sources */,
				4B4F47521D9B7C0000407EE0 /* Frameworks */,
				4B4F47531D9B7C0000407EE0 /* Resources */,
				7CF73264DA1E12A5291F4F07 /* [CP] Copy Pods Resources */,
			);
			buildRules = (
			);
			dependencies = (
				4B4F47571D9B7C0000407EE0 /* PBXTargetDependency */,
			);
			name = PokedexUITests;
			productName = PokedexUITests;
			productReference = 4B4F47551D9B7C0000407EE0 /* PokedexUITests.xctest */;
			productType = "com.apple.product-type.bundle.ui-testing";
		};
/* End PBXNativeTarget section */

/* Begin PBXProject section */
		4B4F472E1D9B7C0000407EE0 /* Project object */ = {
			isa = PBXProject;
			attributes = {
				LastSwiftUpdateCheck = 0800;
				LastUpgradeCheck = 0800;
				ORGANIZATIONNAME = "Kel Robertson";
				TargetAttributes = {
					4B4F47351D9B7C0000407EE0 = {
						CreatedOnToolsVersion = 8.0;
						DevelopmentTeam = 2UZU9RG3VG;
						LastSwiftMigration = 0800;
						ProvisioningStyle = Automatic;
					};
					4B4F47491D9B7C0000407EE0 = {
						CreatedOnToolsVersion = 8.0;
						DevelopmentTeam = 2UZU9RG3VG;
						LastSwiftMigration = 0800;
						ProvisioningStyle = Automatic;
						TestTargetID = 4B4F47351D9B7C0000407EE0;
					};
					4B4F47541D9B7C0000407EE0 = {
						CreatedOnToolsVersion = 8.0;
						DevelopmentTeam = 2UZU9RG3VG;
						LastSwiftMigration = 0800;
						ProvisioningStyle = Automatic;
						TestTargetID = 4B4F47351D9B7C0000407EE0;
					};
				};
			};
			buildConfigurationList = 4B4F47311D9B7C0000407EE0 /* Build configuration list for PBXProject "Pokedex" */;
			compatibilityVersion = "Xcode 3.2";
			developmentRegion = English;
			hasScannedForEncodings = 0;
			knownRegions = (
				en,
				Base,
			);
			mainGroup = 4B4F472D1D9B7C0000407EE0;
			productRefGroup = 4B4F47371D9B7C0000407EE0 /* Products */;
			projectDirPath = "";
			projectRoot = "";
			targets = (
				4B4F47351D9B7C0000407EE0 /* Pokedex */,
				4B4F47491D9B7C0000407EE0 /* PokedexTests */,
				4B4F47541D9B7C0000407EE0 /* PokedexUITests */,
			);
		};
/* End PBXProject section */

/* Begin PBXResourcesBuildPhase section */
		4B4F47341D9B7C0000407EE0 /* Resources */ = {
			isa = PBXResourcesBuildPhase;
			buildActionMask = 2147483647;
			files = (
				4B4E52551D9C982C00593932 /* pokemonTheme.mp3 in Resources */,
				4B4E52511D9C96C800593932 /* Pokemon.ttf in Resources */,
				4B4F47441D9B7C0000407EE0 /* LaunchScreen.storyboard in Resources */,
				4B4F47411D9B7C0000407EE0 /* Assets.xcassets in Resources */,
				4B4E52461D9C7DF100593932 /* pokemon.csv in Resources */,
				4B4F473F1D9B7C0000407EE0 /* Main.storyboard in Resources */,
			);
			runOnlyForDeploymentPostprocessing = 0;
		};
		4B4F47481D9B7C0000407EE0 /* Resources */ = {
			isa = PBXResourcesBuildPhase;
			buildActionMask = 2147483647;
			files = (
			);
			runOnlyForDeploymentPostprocessing = 0;
		};
		4B4F47531D9B7C0000407EE0 /* Resources */ = {
			isa = PBXResourcesBuildPhase;
			buildActionMask = 2147483647;
			files = (
			);
			runOnlyForDeploymentPostprocessing = 0;
		};
/* End PBXResourcesBuildPhase section */

/* Begin PBXShellScriptBuildPhase section */
		7CF73264DA1E12A5291F4F07 /* [CP] Copy Pods Resources */ = {
			isa = PBXShellScriptBuildPhase;
			buildActionMask = 2147483647;
			files = (
			);
			inputPaths = (
			);
			name = "[CP] Copy Pods Resources";
			outputPaths = (
			);
			runOnlyForDeploymentPostprocessing = 0;
			shellPath = /bin/sh;
			shellScript = "\"${SRCROOT}/Pods/Target Support Files/Pods-PokedexUITests/Pods-PokedexUITests-resources.sh\"\n";
			showEnvVarsInLog = 0;
		};
		8B8BBAC3A8265DDAAAAE1F4B /* [CP] Copy Pods Resources */ = {
			isa = PBXShellScriptBuildPhase;
			buildActionMask = 2147483647;
			files = (
			);
			inputPaths = (
			);
			name = "[CP] Copy Pods Resources";
			outputPaths = (
			);
			runOnlyForDeploymentPostprocessing = 0;
			shellPath = /bin/sh;
			shellScript = "\"${SRCROOT}/Pods/Target Support Files/Pods-Pokedex/Pods-Pokedex-resources.sh\"\n";
			showEnvVarsInLog = 0;
		};
		9DDBBF088B18AA2E8D809A89 /* [CP] Check Pods Manifest.lock */ = {
			isa = PBXShellScriptBuildPhase;
			buildActionMask = 2147483647;
			files = (
			);
			inputPaths = (
			);
			name = "[CP] Check Pods Manifest.lock";
			outputPaths = (
			);
			runOnlyForDeploymentPostprocessing = 0;
			shellPath = /bin/sh;
			shellScript = "diff \"${PODS_ROOT}/../Podfile.lock\" \"${PODS_ROOT}/Manifest.lock\" > /dev/null\nif [[ $? != 0 ]] ; then\n    cat << EOM\nerror: The sandbox is not in sync with the Podfile.lock. Run 'pod install' or update your CocoaPods installation.\nEOM\n    exit 1\nfi\n";
			showEnvVarsInLog = 0;
		};
		B1500EEB78066363342D0485 /* [CP] Check Pods Manifest.lock */ = {
			isa = PBXShellScriptBuildPhase;
			buildActionMask = 2147483647;
			files = (
			);
			inputPaths = (
			);
			name = "[CP] Check Pods Manifest.lock";
			outputPaths = (
			);
			runOnlyForDeploymentPostprocessing = 0;
			shellPath = /bin/sh;
			shellScript = "diff \"${PODS_ROOT}/../Podfile.lock\" \"${PODS_ROOT}/Manifest.lock\" > /dev/null\nif [[ $? != 0 ]] ; then\n    cat << EOM\nerror: The sandbox is not in sync with the Podfile.lock. Run 'pod install' or update your CocoaPods installation.\nEOM\n    exit 1\nfi\n";
			showEnvVarsInLog = 0;
		};
		CE0A18330EE57ED05D0CB2B3 /* [CP] Embed Pods Frameworks */ = {
			isa = PBXShellScriptBuildPhase;
			buildActionMask = 2147483647;
			files = (
			);
			inputPaths = (
			);
			name = "[CP] Embed Pods Frameworks";
			outputPaths = (
			);
			runOnlyForDeploymentPostprocessing = 0;
			shellPath = /bin/sh;
			shellScript = "\"${SRCROOT}/Pods/Target Support Files/Pods-PokedexTests/Pods-PokedexTests-frameworks.sh\"\n";
			showEnvVarsInLog = 0;
		};
		EB6A02ECA14E0B2446594575 /* [CP] Check Pods Manifest.lock */ = {
			isa = PBXShellScriptBuildPhase;
			buildActionMask = 2147483647;
			files = (
			);
			inputPaths = (
			);
			name = "[CP] Check Pods Manifest.lock";
			outputPaths = (
			);
			runOnlyForDeploymentPostprocessing = 0;
			shellPath = /bin/sh;
			shellScript = "diff \"${PODS_ROOT}/../Podfile.lock\" \"${PODS_ROOT}/Manifest.lock\" > /dev/null\nif [[ $? != 0 ]] ; then\n    cat << EOM\nerror: The sandbox is not in sync with the Podfile.lock. Run 'pod install' or update your CocoaPods installation.\nEOM\n    exit 1\nfi\n";
			showEnvVarsInLog = 0;
		};
		FEE0979276FFBA794C94E539 /* [CP] Embed Pods Frameworks */ = {
			isa = PBXShellScriptBuildPhase;
			buildActionMask = 2147483647;
			files = (
			);
			inputPaths = (
			);
			name = "[CP] Embed Pods Frameworks";
			outputPaths = (
			);
			runOnlyForDeploymentPostprocessing = 0;
			shellPath = /bin/sh;
			shellScript = "\"${SRCROOT}/Pods/Target Support Files/Pods-Pokedex/Pods-Pokedex-frameworks.sh\"\n";
			showEnvVarsInLog = 0;
		};
		FFDB969946B1E55C7B87621A /* [CP] Copy Pods Resources */ = {
			isa = PBXShellScriptBuildPhase;
			buildActionMask = 2147483647;
			files = (
			);
			inputPaths = (
			);
			name = "[CP] Copy Pods Resources";
			outputPaths = (
			);
			runOnlyForDeploymentPostprocessing = 0;
			shellPath = /bin/sh;
			shellScript = "\"${SRCROOT}/Pods/Target Support Files/Pods-PokedexTests/Pods-PokedexTests-resources.sh\"\n";
			showEnvVarsInLog = 0;
		};
/* End PBXShellScriptBuildPhase section */

/* Begin PBXSourcesBuildPhase section */
		4B4F47321D9B7C0000407EE0 /* Sources */ = {
			isa = PBXSourcesBuildPhase;
			buildActionMask = 2147483647;
			files = (
				4B4E524D1D9C85EF00593932 /* pokeCell.swift in Sources */,
				4B4E524A1D9C7EE700593932 /* pokemon.swift in Sources */,
				4B4F473C1D9B7C0000407EE0 /* ViewController.swift in Sources */,
				4B8C76E31D9CD1A4002CCF05 /* constants.swift in Sources */,
				4B4E52571D9CA44D00593932 /* pokemonDetailVC.swift in Sources */,
				4B4F473A1D9B7C0000407EE0 /* AppDelegate.swift in Sources */,
				4B4E524F1D9C8F3400593932 /* csv.swift in Sources */,
			);
			runOnlyForDeploymentPostprocessing = 0;
		};
		4B4F47461D9B7C0000407EE0 /* Sources */ = {
			isa = PBXSourcesBuildPhase;
			buildActionMask = 2147483647;
			files = (
				4B4F474F1D9B7C0000407EE0 /* PokedexTests.swift in Sources */,
			);
			runOnlyForDeploymentPostprocessing = 0;
		};
		4B4F47511D9B7C0000407EE0 /* Sources */ = {
			isa = PBXSourcesBuildPhase;
			buildActionMask = 2147483647;
			files = (
				4B4F475A1D9B7C0000407EE0 /* PokedexUITests.swift in Sources */,
			);
			runOnlyForDeploymentPostprocessing = 0;
		};
/* End PBXSourcesBuildPhase section */

/* Begin PBXTargetDependency section */
		4B4F474C1D9B7C0000407EE0 /* PBXTargetDependency */ = {
			isa = PBXTargetDependency;
			target = 4B4F47351D9B7C0000407EE0 /* Pokedex */;
			targetProxy = 4B4F474B1D9B7C0000407EE0 /* PBXContainerItemProxy */;
		};
		4B4F47571D9B7C0000407EE0 /* PBXTargetDependency */ = {
			isa = PBXTargetDependency;
			target = 4B4F47351D9B7C0000407EE0 /* Pokedex */;
			targetProxy = 4B4F47561D9B7C0000407EE0 /* PBXContainerItemProxy */;
		};
/* End PBXTargetDependency section */

/* Begin PBXVariantGroup section */
		4B4F473D1D9B7C0000407EE0 /* Main.storyboard */ = {
			isa = PBXVariantGroup;
			children = (
				4B4F473E1D9B7C0000407EE0 /* Base */,
			);
			name = Main.storyboard;
			sourceTree = "<group>";
		};
		4B4F47421D9B7C0000407EE0 /* LaunchScreen.storyboard */ = {
			isa = PBXVariantGroup;
			children = (
				4B4F47431D9B7C0000407EE0 /* Base */,
			);
			name = LaunchScreen.storyboard;
			sourceTree = "<group>";
		};
/* End PBXVariantGroup section */

/* Begin XCBuildConfiguration section */
		4B4F475C1D9B7C0000407EE0 /* Debug */ = {
			isa = XCBuildConfiguration;
			buildSettings = {
				ALWAYS_SEARCH_USER_PATHS = NO;
				CLANG_ANALYZER_NONNULL = YES;
				CLANG_CXX_LANGUAGE_STANDARD = "gnu++0x";
				CLANG_CXX_LIBRARY = "libc++";
				CLANG_ENABLE_MODULES = YES;
				CLANG_ENABLE_OBJC_ARC = YES;
				CLANG_WARN_BOOL_CONVERSION = YES;
				CLANG_WARN_CONSTANT_CONVERSION = YES;
				CLANG_WARN_DIRECT_OBJC_ISA_USAGE = YES_ERROR;
				CLANG_WARN_DOCUMENTATION_COMMENTS = YES;
				CLANG_WARN_EMPTY_BODY = YES;
				CLANG_WARN_ENUM_CONVERSION = YES;
				CLANG_WARN_INFINITE_RECURSION = YES;
				CLANG_WARN_INT_CONVERSION = YES;
				CLANG_WARN_OBJC_ROOT_CLASS = YES_ERROR;
				CLANG_WARN_SUSPICIOUS_MOVES = YES;
				CLANG_WARN_UNREACHABLE_CODE = YES;
				CLANG_WARN__DUPLICATE_METHOD_MATCH = YES;
				"CODE_SIGN_IDENTITY[sdk=iphoneos*]" = "iPhone Developer";
				COPY_PHASE_STRIP = NO;
				DEBUG_INFORMATION_FORMAT = dwarf;
				ENABLE_STRICT_OBJC_MSGSEND = YES;
				ENABLE_TESTABILITY = YES;
				GCC_C_LANGUAGE_STANDARD = gnu99;
				GCC_DYNAMIC_NO_PIC = NO;
				GCC_NO_COMMON_BLOCKS = YES;
				GCC_OPTIMIZATION_LEVEL = 0;
				GCC_PREPROCESSOR_DEFINITIONS = (
					"DEBUG=1",
					"$(inherited)",
				);
				GCC_WARN_64_TO_32_BIT_CONVERSION = YES;
				GCC_WARN_ABOUT_RETURN_TYPE = YES_ERROR;
				GCC_WARN_UNDECLARED_SELECTOR = YES;
				GCC_WARN_UNINITIALIZED_AUTOS = YES_AGGRESSIVE;
				GCC_WARN_UNUSED_FUNCTION = YES;
				GCC_WARN_UNUSED_VARIABLE = YES;
				IPHONEOS_DEPLOYMENT_TARGET = 10.0;
				MTL_ENABLE_DEBUG_INFO = YES;
				ONLY_ACTIVE_ARCH = YES;
				SDKROOT = iphoneos;
				SWIFT_ACTIVE_COMPILATION_CONDITIONS = DEBUG;
				SWIFT_OPTIMIZATION_LEVEL = "-Onone";
				TARGETED_DEVICE_FAMILY = "1,2";
			};
			name = Debug;
		};
		4B4F475D1D9B7C0000407EE0 /* Release */ = {
			isa = XCBuildConfiguration;
			buildSettings = {
				ALWAYS_SEARCH_USER_PATHS = NO;
				CLANG_ANALYZER_NONNULL = YES;
				CLANG_CXX_LANGUAGE_STANDARD = "gnu++0x";
				CLANG_CXX_LIBRARY = "libc++";
				CLANG_ENABLE_MODULES = YES;
				CLANG_ENABLE_OBJC_ARC = YES;
				CLANG_WARN_BOOL_CONVERSION = YES;
				CLANG_WARN_CONSTANT_CONVERSION = YES;
				CLANG_WARN_DIRECT_OBJC_ISA_USAGE = YES_ERROR;
				CLANG_WARN_DOCUMENTATION_COMMENTS = YES;
				CLANG_WARN_EMPTY_BODY = YES;
				CLANG_WARN_ENUM_CONVERSION = YES;
				CLANG_WARN_INFINITE_RECURSION = YES;
				CLANG_WARN_INT_CONVERSION = YES;
				CLANG_WARN_OBJC_ROOT_CLASS = YES_ERROR;
				CLANG_WARN_SUSPICIOUS_MOVES = YES;
				CLANG_WARN_UNREACHABLE_CODE = YES;
				CLANG_WARN__DUPLICATE_METHOD_MATCH = YES;
				"CODE_SIGN_IDENTITY[sdk=iphoneos*]" = "iPhone Developer";
				COPY_PHASE_STRIP = NO;
				DEBUG_INFORMATION_FORMAT = "dwarf-with-dsym";
				ENABLE_NS_ASSERTIONS = NO;
				ENABLE_STRICT_OBJC_MSGSEND = YES;
				GCC_C_LANGUAGE_STANDARD = gnu99;
				GCC_NO_COMMON_BLOCKS = YES;
				GCC_WARN_64_TO_32_BIT_CONVERSION = YES;
				GCC_WARN_ABOUT_RETURN_TYPE = YES_ERROR;
				GCC_WARN_UNDECLARED_SELECTOR = YES;
				GCC_WARN_UNINITIALIZED_AUTOS = YES_AGGRESSIVE;
				GCC_WARN_UNUSED_FUNCTION = YES;
				GCC_WARN_UNUSED_VARIABLE = YES;
				IPHONEOS_DEPLOYMENT_TARGET = 10.0;
				MTL_ENABLE_DEBUG_INFO = NO;
				SDKROOT = iphoneos;
				SWIFT_OPTIMIZATION_LEVEL = "-Owholemodule";
				TARGETED_DEVICE_FAMILY = "1,2";
				VALIDATE_PRODUCT = YES;
			};
			name = Release;
		};
		4B4F475F1D9B7C0000407EE0 /* Debug */ = {
			isa = XCBuildConfiguration;
			baseConfigurationReference = F2FD1CEECE61B35FA1B5CBC3 /* Pods-Pokedex.debug.xcconfig */;
			buildSettings = {
				ASSETCATALOG_COMPILER_APPICON_NAME = AppIcon;
				DEVELOPMENT_TEAM = 2UZU9RG3VG;
				INFOPLIST_FILE = Pokedex/Info.plist;
				LD_RUNPATH_SEARCH_PATHS = "$(inherited) @executable_path/Frameworks";
				PRODUCT_BUNDLE_IDENTIFIER = com.kelrobertson.Pokedex;
				PRODUCT_NAME = "$(TARGET_NAME)";
				SWIFT_VERSION = 3.0;
			};
			name = Debug;
		};
		4B4F47601D9B7C0000407EE0 /* Release */ = {
			isa = XCBuildConfiguration;
			baseConfigurationReference = AA010A9AB2F2800450652D84 /* Pods-Pokedex.release.xcconfig */;
			buildSettings = {
				ASSETCATALOG_COMPILER_APPICON_NAME = AppIcon;
				DEVELOPMENT_TEAM = 2UZU9RG3VG;
				INFOPLIST_FILE = Pokedex/Info.plist;
				LD_RUNPATH_SEARCH_PATHS = "$(inherited) @executable_path/Frameworks";
				PRODUCT_BUNDLE_IDENTIFIER = com.kelrobertson.Pokedex;
				PRODUCT_NAME = "$(TARGET_NAME)";
				SWIFT_VERSION = 3.0;
			};
			name = Release;
		};
		4B4F47621D9B7C0000407EE0 /* Debug */ = {
			isa = XCBuildConfiguration;
			baseConfigurationReference = 3B4E890C549ED7C38C1C7EEA /* Pods-PokedexTests.debug.xcconfig */;
			buildSettings = {
				ALWAYS_EMBED_SWIFT_STANDARD_LIBRARIES = YES;
				BUNDLE_LOADER = "$(TEST_HOST)";
				DEVELOPMENT_TEAM = 2UZU9RG3VG;
				INFOPLIST_FILE = PokedexTests/Info.plist;
				LD_RUNPATH_SEARCH_PATHS = "$(inherited) @executable_path/Frameworks @loader_path/Frameworks";
				PRODUCT_BUNDLE_IDENTIFIER = com.kelrobertson.PokedexTests;
				PRODUCT_NAME = "$(TARGET_NAME)";
				SWIFT_VERSION = 3.0;
				TEST_HOST = "$(BUILT_PRODUCTS_DIR)/Pokedex.app/Pokedex";
			};
			name = Debug;
		};
		4B4F47631D9B7C0000407EE0 /* Release */ = {
			isa = XCBuildConfiguration;
			baseConfigurationReference = FDEE2D69A03C81E36BD86E2B /* Pods-PokedexTests.release.xcconfig */;
			buildSettings = {
				ALWAYS_EMBED_SWIFT_STANDARD_LIBRARIES = YES;
				BUNDLE_LOADER = "$(TEST_HOST)";
				DEVELOPMENT_TEAM = 2UZU9RG3VG;
				INFOPLIST_FILE = PokedexTests/Info.plist;
				LD_RUNPATH_SEARCH_PATHS = "$(inherited) @executable_path/Frameworks @loader_path/Frameworks";
				PRODUCT_BUNDLE_IDENTIFIER = com.kelrobertson.PokedexTests;
				PRODUCT_NAME = "$(TARGET_NAME)";
				SWIFT_VERSION = 3.0;
				TEST_HOST = "$(BUILT_PRODUCTS_DIR)/Pokedex.app/Pokedex";
			};
			name = Release;
		};
		4B4F47651D9B7C0000407EE0 /* Debug */ = {
			isa = XCBuildConfiguration;
			baseConfigurationReference = 4E9DC742F4A221D5E81258C7 /* Pods-PokedexUITests.debug.xcconfig */;
			buildSettings = {
				ALWAYS_EMBED_SWIFT_STANDARD_LIBRARIES = YES;
				DEVELOPMENT_TEAM = 2UZU9RG3VG;
				INFOPLIST_FILE = PokedexUITests/Info.plist;
				LD_RUNPATH_SEARCH_PATHS = "$(inherited) @executable_path/Frameworks @loader_path/Frameworks";
				PRODUCT_BUNDLE_IDENTIFIER = com.kelrobertson.PokedexUITests;
				PRODUCT_NAME = "$(TARGET_NAME)";
				SWIFT_VERSION = 3.0;
				TEST_TARGET_NAME = Pokedex;
			};
			name = Debug;
		};
		4B4F47661D9B7C0000407EE0 /* Release */ = {
			isa = XCBuildConfiguration;
			baseConfigurationReference = DCEFD34378FDABA09A644E7E /* Pods-PokedexUITests.release.xcconfig */;
			buildSettings = {
				ALWAYS_EMBED_SWIFT_STANDARD_LIBRARIES = YES;
				DEVELOPMENT_TEAM = 2UZU9RG3VG;
				INFOPLIST_FILE = PokedexUITests/Info.plist;
				LD_RUNPATH_SEARCH_PATHS = "$(inherited) @executable_path/Frameworks @loader_path/Frameworks";
				PRODUCT_BUNDLE_IDENTIFIER = com.kelrobertson.PokedexUITests;
				PRODUCT_NAME = "$(TARGET_NAME)";
				SWIFT_VERSION = 3.0;
				TEST_TARGET_NAME = Pokedex;
			};
			name = Release;
		};
/* End XCBuildConfiguration section */

/* Begin XCConfigurationList section */
		4B4F47311D9B7C0000407EE0 /* Build configuration list for PBXProject "Pokedex" */ = {
			isa = XCConfigurationList;
			buildConfigurations = (
				4B4F475C1D9B7C0000407EE0 /* Debug */,
				4B4F475D1D9B7C0000407EE0 /* Release */,
			);
			defaultConfigurationIsVisible = 0;
			defaultConfigurationName = Release;
		};
		4B4F475E1D9B7C0000407EE0 /* Build configuration list for PBXNativeTarget "Pokedex" */ = {
			isa = XCConfigurationList;
			buildConfigurations = (
				4B4F475F1D9B7C0000407EE0 /* Debug */,
				4B4F47601D9B7C0000407EE0 /* Release */,
			);
			defaultConfigurationIsVisible = 0;
			defaultConfigurationName = Release;
		};
		4B4F47611D9B7C0000407EE0 /* Build configuration list for PBXNativeTarget "PokedexTests" */ = {
			isa = XCConfigurationList;
			buildConfigurations = (
				4B4F47621D9B7C0000407EE0 /* Debug */,
				4B4F47631D9B7C0000407EE0 /* Release */,
			);
			defaultConfigurationIsVisible = 0;
			defaultConfigurationName = Release;
		};
		4B4F47641D9B7C0000407EE0 /* Build configuration list for PBXNativeTarget "PokedexUITests" */ = {
			isa = XCConfigurationList;
			buildConfigurations = (
				4B4F47651D9B7C0000407EE0 /* Debug */,
				4B4F47661D9B7C0000407EE0 /* Release */,
			);
			defaultConfigurationIsVisible = 0;
			defaultConfigurationName = Release;
		};
/* End XCConfigurationList section */
	};
	rootObject = 4B4F472E1D9B7C0000407EE0 /* Project object */;
}
